
Microsoft Visual Studio Solution File, Format Version 12.00
# Visual Studio 15
VisualStudioVersion = 15.0.28307.168
MinimumVisualStudioVersion = 10.0.40219.1
Project("{FAE04EC0-301F-11D3-BF4B-00C04F79EFBC}") = "Bodhi_api", "Bodhi_api\Bodhi_api.csproj", "{8D607728-1915-47E3-8783-A2A09EE80064}"
EndProject
Project("{2150E333-8FDC-42A3-9474-1A3956D46DE8}") = "Solution Items", "Solution Items", "{1236F25D-064A-4375-9275-423B22573E8F}"
	ProjectSection(SolutionItems) = preProject
		.gitignore = .gitignore
	EndProjectSection
EndProject
Global
	GlobalSection(SolutionConfigurationPlatforms) = preSolution
		Debug|Any CPU = Debug|Any CPU
		Release|Any CPU = Release|Any CPU
	EndGlobalSection
	GlobalSection(ProjectConfigurationPlatforms) = postSolution
		{8D607728-1915-47E3-8783-A2A09EE80064}.Debug|Any CPU.ActiveCfg = Debug|Any CPU
		{8D607728-1915-47E3-8783-A2A09EE80064}.Debug|Any CPU.Build.0 = Debug|Any CPU
		{8D607728-1915-47E3-8783-A2A09EE80064}.Release|Any CPU.ActiveCfg = Release|Any CPU
		{8D607728-1915-47E3-8783-A2A09EE80064}.Release|Any CPU.Build.0 = Release|Any CPU
	EndGlobalSection
	GlobalSection(SolutionProperties) = preSolution
		HideSolutionNode = FALSE
	EndGlobalSection
	GlobalSection(ExtensibilityGlobals) = postSolution
		SolutionGuid = {76ED27E5-D9C7-4236-BD61-B50D0A1713F3}
	EndGlobalSection
EndGlobal
